
Microsoft Visual Studio Solution File, Format Version 12.00
# Visual Studio Version 17
VisualStudioVersion = 17.7.34024.191
MinimumVisualStudioVersion = 10.0.40219.1
Project("{FAE04EC0-301F-11D3-BF4B-00C04F79EFBC}") = "DIS ASSIGNMENT 2", "DIS ASSIGNMENT 2.csproj", "{025E47DA-6A18-4584-BFA1-B116D7650A10}"
EndProject
Global
	GlobalSection(SolutionConfigurationPlatforms) = preSolution
		Debug|Any CPU = Debug|Any CPU
		Release|Any CPU = Release|Any CPU
	EndGlobalSection
	GlobalSection(ProjectConfigurationPlatforms) = postSolution
		{025E47DA-6A18-4584-BFA1-B116D7650A10}.Debug|Any CPU.ActiveCfg = Debug|Any CPU
		{025E47DA-6A18-4584-BFA1-B116D7650A10}.Debug|Any CPU.Build.0 = Debug|Any CPU
		{025E47DA-6A18-4584-BFA1-B116D7650A10}.Release|Any CPU.ActiveCfg = Release|Any CPU
		{025E47DA-6A18-4584-BFA1-B116D7650A10}.Release|Any CPU.Build.0 = Release|Any CPU
	EndGlobalSection
	GlobalSection(SolutionProperties) = preSolution
		HideSolutionNode = FALSE
	EndGlobalSection
	GlobalSection(ExtensibilityGlobals) = postSolution
		SolutionGuid = {100A02E1-9A21-415A-A338-2DDA456CDE16}
	EndGlobalSection
EndGlobal
